
Microsoft Visual Studio Solution File, Format Version 12.00
# Visual Studio Version 16
VisualStudioVersion = 16.0.31624.102
MinimumVisualStudioVersion = 10.0.40219.1
Project("{FAE04EC0-301F-11D3-BF4B-00C04F79EFBC}") = "CoffeeManager", "CoffeeManager\CoffeeManager.csproj", "{8C44E8E2-6062-4C53-92D9-9C61B8BD7751}"
EndProject
Global
	GlobalSection(SolutionConfigurationPlatforms) = preSolution
		Debug|Any CPU = Debug|Any CPU
		Release|Any CPU = Release|Any CPU
	EndGlobalSection
	GlobalSection(ProjectConfigurationPlatforms) = postSolution
		{8C44E8E2-6062-4C53-92D9-9C61B8BD7751}.Debug|Any CPU.ActiveCfg = Debug|Any CPU
		{8C44E8E2-6062-4C53-92D9-9C61B8BD7751}.Debug|Any CPU.Build.0 = Debug|Any CPU
		{8C44E8E2-6062-4C53-92D9-9C61B8BD7751}.Release|Any CPU.ActiveCfg = Release|Any CPU
		{8C44E8E2-6062-4C53-92D9-9C61B8BD7751}.Release|Any CPU.Build.0 = Release|Any CPU
	EndGlobalSection
	GlobalSection(SolutionProperties) = preSolution
		HideSolutionNode = FALSE
	EndGlobalSection
	GlobalSection(ExtensibilityGlobals) = postSolution
		SolutionGuid = {E455D9E8-394A-4BFF-A9DD-956B2AF7BFC2}
	EndGlobalSection
EndGlobal
